eNoAIQfe+CdARcIR8p2Af8GdkTiztuoxkoqtYLmIxyXsr6mXInlScZ8fQ+E0uQo8/eNsWs8ObzFR6diJhCzHDJ6kEX2j4PnZZyNTwicMYRZpb+S5RjnPufdRYAEEuH3YDQC1et9JdsIi9l8np3SxsJlu+BhVr64+DsIHGAKu9FwToFOdPAtTjyAqLZptC5FzaPGzrKOD+epIn6re7e1Buyezm7gGkjCSKtPpkUc8mwThQttEG+023tiXTfG23xEJs8D9Qd2g34OI2iBpqQzwgQRdOvRG4uNqJtmg3arNcoO9NdiplsJLJxzYW6kGKkPaiZYrgNvdbGDYzl13fMlEJXEnDErvI7EcG3QF68PtwmWQzGLtQq4kGKy4R+52UgYVwCjuLEVn2i3IyLPTAYSzBI75oDoIi4eJYIfXrWD0x0BoNDURgahGNBNuAob95LpkLSY3cjd/1jDWunJjLbE63dasR/n/zHKsfcxHPK7VjZb0Yx4Y99FKIsG8fPpJYHwFi1oKztIJu9WqBx+FwZ55G95bP/d820KSJllRg0+JY/5rTy2Hqzzlo31iuKVJ3xCM8KhFR/KWFpwJ6XCt+Uo2Vi5AlXdJEsTfXZ+oo/0beCHjXLLmyd49A6ptRJD+JaK6bTZBrT3hUK8CUC4LIgkrbFKW1izD2JNmPGnrKD1nD559/e/7tC714bwsUYHZCng2PmEsGOZpIASoQ2WALHnUBvywI6YzgO8T44wes4xFz8Cnbv9iMPJfQjAVypjpHef53YNE2fL8yaNsG1FEMnglyq38bOwV3gm1xSccE9WMmwsqIFCRR0q4xbBdvf/g6zkPSZ/rpTCewai7AdEGNC58C7s6P89mOzd86hpPqa2bXimTFozJ+7IbOCUDmHdun0hzV+wGxI34lGyRrOJh3O2jRLT9V0IZ/4mG3h95f/a/ipd3EpYw1XIkoo0AvdDckzzZ7lps0grmuSuoLJS2w/6kaDgQteiOFKmu9W62NCPR/4I2CplZvPxSUabNpZWZHd9SxzVgMbAwGrue/wiZ/8/UIQXVK272k1wq3bKDLYkzV1zWdHOZJQyalftLU59jhgQS3rHGfKq4/YX8k+ZXKtRW84FpoiQAhslw5kLvEdMaqgN0W5qs0TkPWGK2ZAS0CKyGVgpYfeeIGwxtk66bUl6xTx1BnsgjCjn9E3hrYRC88mi6sTPxDbhqrW/lxoitLC5U/9LSoNqkRglK9GGjjKEzoinOlSg94WSluHbAj02fzn9BO9OiDgRjIYl6OHUi3eGJJSKum4r2H4JQIe5H2zzavyCmxrabZ/CNl5t8h7luLpzb5v72A1tOAWpLq6hRozKZltaJTY/PYDkE/f5QWHKHEa1b+Hak4M5htgHOuROMGAr4SGgeP1LPmlbq1vLmyw8B/WiLf5R8cxF8Pg/VlYrWOi3FgpBEem4PnRCPO8zg4b+J6VQlh1FZWUglI2Rqx/QrrKfdQXvKYsPvpbw+Hzs7uniCVguinzL7PNk1xv6bqQ6jeU17Vaw+0uCZlDFLnwXZOpRP1nJtFK7QmyfGDyQosD5h6iX5UuA2H3ac2Rad0NQHykk3ZEGzwGbsYifdFlxbxfS4YryAhasRFEU+WgQ3APba99z8aVe7+Qon3OUTnr9vaUpktQoTMgfS3trp+/PH4NKplW39jf6LfBR8epyUQ+nbsyRZf0YoZlfa2S6IV3wELZDvn3yWJ/xEoAohtZnaVcp95SpzMi3inV3CCs6kJ15ye3VUheCDTXBkenrkopAwyw6LrFE62zmqzmyR1GOSut+t0+Ywix5BiQNrP7on/oDQ4uBb0U0tNtuN0pKwUOpc12F6M6yKDPBbJ3cYyNmJf3jjYQukGdXco/EWTSA992Qt860eHXq4eMfBNFpscnAEv4ufJsacFPTLlRiTcbM+PaU6Rp7y5oyr+Ley+P/9sDrUCvvVQgS+aV9mog5OiYy9unfQfEmzumYbRIkk3uswXYIe1yo/Gw2913/yRgwoIsq57eRFC9Tbv6miZT5jQKlcQo2wcEfJygmJ9n1+0peruBq/cHhTDOl9kIkttqNXq5yf8YAC4ulp64/sKseDLIFpMblla5HM9sTE4cWE8KQD3GGZgoskCsPmSrnQuP67LLhckYhk0U+3kyDgklMSH9N39fBqTAljQHXEzK315ELT5LjxmS4HCJty3huiZKjlZDY7Y9yppHyZt7Pr0kOz8vElgJZPIXdh4Z5I+QBs927TBOsfSUDFpu07B7OF57zQ+cVkNk/vY5eJn6/uJr40yLDQM05tNB1YaLhMtlZCWMn3/74QDNBPkxQlgoXuNkhpe0pIJbQWlUuFDYb+HBHk7V74y14UBde8M8RT5rSokOr0OvH3VwZWhP/ukgoW38OM1ZvFrTjq17CqFsmDlZahmsuDY5q2/HYQHQIKNYYouz4EfLDNq+3l8jgBAAD//zz7nu0=