eNoAIhPd7MJdGJUt5ryHVg47PLZL97n0n70DGoUpeovtmtsdbTxnlK0c8nPPJvjuzQJ7HM9xIQCH+D+lBQTXc0ipP17JS21AKVtJlq3sDcQzeoZHxQA3glW9BlApGX9OIcTKoBEgoSl+WJwYzKszu5SWe4cr8PolLUxac+KnA78FomrTcVwdqIdtO0Cxc5ix/p27p6Zn39snkdaN2UzDnmt3O3czZeRjHQKpp6mqiDOP8hUeP6+YFB3k37IpzGNKQlGLs+piarRB1IFTaH+ZFUk6lVb/8Z6SO5a0H86CMteSmfg9N9iTIaz65B0Rj56AB5KeA7YgzQJALuZvvONrVTsOVOzjTowBGe4hiieBR/XauT7S9j2Mra9OyteAd9ZSgTXUVlnpY2yaO8zaaViQibHqIW93k407LayJ2c9dFHqUxithAWajZgSFXYzaBjCBvnFUEdryZsmfDR2w9h1pVV5rI2a6W8jJHHmotl6QxW6VaF6szPkT0FgzKy+pSr5v2aUMx3fXzz7n7xIQ90ClWeBdlG0lcT0Vdd2B04MQBUfRZsRejnMbQaHGUQtLHNDj/Bpe35l7RTFUn+lp1k4/BoHHhd2N60ehP3O8Ismz2JNfHwkhbrylwDpkasmF02lg1o+erH52f6ggPO3jSMUKcg2prfGvDx1C+FvOUlt1beONy4dyHUgJ7kMeOz2LZQ+yci1sUU/Y+1tuKiA73aNVbhhkC5uNUxKHCDwBzhn9uPWIQctbCLFZYXMWvV0CgtAYqF6/Qi+Kue6wwyNkf3Y9iOn7PjcBMr+yJb+5f+Qus6KKwD8KuYJO+5/UhQnm+oM+Gs8u7YjMN52d1tb9iZWOYBsCJjSKDXNHYkYdhlTEKtxpQ/MZJsSe+/8Gj7hHNRWuEH5Zc9b4zTiTQJaQojdPilyWZquvXg8akppGWUlzfuhyjI9urzDvDqnvum34Jm934Txeko1NQ5Xdb6kk5oN+DyucBjGvV6+nKKjRJgJQSqaViwNruux3pY6drsOYtc5clXG4DofAQ4iXuWwkI7SgfavgFTVERVL6U6thMJPKf6BpOtu3fnaNHUJ4YrKIVa7K4xTiMiG66htBSOV66tV1aM8LskH2DjjckGuoORF/3FpjBAWwm8YOeQwLiFsVBN82+eYS2LiNlLDSZlhy0I9byQOHVjsVyDlNaJR6i9W5CpxWBW8KZKH1oTm/+X4KxD2hUDRDq0GNJm/eFUwVMivZJ+OOJ66U0hSXh8t1rzhdnI9gn6nA2A2uRktry+WO33/R7/jcXNQbe/hzCXxtJQ2lbpQwRbhZKv41wuMd+vsyJGnaKTPHNjKw0gNb7dnqn8d7HxljnTsZcR0BEfjNerg4+77Aeo9Q+v66Op13i+Ri391ET5FInl8nAYDnf8vSagBLAqU7RYxkAZCThI5DtWISfcYc9m+zp/9HNX9aNo+owaDcz5W64qumIv0yctfNAMBfsOgkja0nb8S/hEXzPlnDNI2XFq3QWE1XVrFYb+zCUhJOBijnneSJ3st43C9ujVvCOukn8PHIhcJueS9+bsRXFJhl57+IVWtHU+h3Uq+GXgnFQJTiiTF4tbng9lIROfEbArYOaxrcewAIw+syJREBUBkQhEEey73WJWLNvCjwvwa9NgQz46+3l29p7XqrLL7uh/tHM4+TBatiR3ALhjpnIi/tdwdOw485PmMLoI/hYBwgM1DhWycxlFsTX1n/Gu5VCzgz+aRMxlb98b69rVYY0VIWm9HbfiOJp6scugC7jDkkU3cnuBNqiEPOqKuYV1UElB4Coc9v0Wg0hNFAKtelswoeuijLc0bzFSyH/3KnOe08/yZAD6KBn42hVTUXoFnnUh+RkNADJktPsLinjJsqLQjHAbRZdyYEexsLEyWkRww65TELF6MlQkZ1loCsFnL0/5FhRpZRuqsrzz3MZaO9UuqxvkllyzkhrFQDb9zbcbKgBIF1QwEjAag2CazgLpCN0eA5qJQiOpbq2d+XmTgll29NXOWzIsbDtlxnNnS3laD2+B7+CiO1VEeHpPh9UHh0rxvI3Z3j6g33vwyc9gZjvOtQ5BX+YB7ie71nv8mc/xx0g0Z2r1TIjUEjVlSzHqFQ7DftARSkw3P/Yc+kx/95qKY6i4iyUJxQzoXc2drZuTmS2oavuHf0e30c58dERLlLi3z/SzvxCMAxDf9Ort8qdN7JkQq5lCI42h7V5bqfAY1nKXIt6tt0WyECknow1rhFQW/ndNTOrQrAGLUKWV8NZBko2gra2jygevi8wRLSXi+8VhyGOEelMISmfPdpe4BHxBqNR+hcPRO2FPfVGqAQQcqlYJ8SDjMjYtKwQbY2Nak9sJa3hJb/yAwC0jCqBE8TKmixET8TEOQZkWcml/4biSQ4kqCfmM0VgVyC3RPQGRMB63aXVs1yHla43Lqv5nkAhSTYR0GUa5q0Jltvk4O5MgsU0Q1Skkgyp2llTshlNBgPy6lYo++oKRkXFy6GIHUrwef+7aTWVm41/ZaHge4t8iHwRkt0/Ct84ZwvdKj2ioMGsDzX7gCdBsdrWndfK0aonodCiXzrA4OUFiayNVwGucR6cRi7VRbQNqYreFDKDyZNWDyPrGFt/S1bzYEFHF8pRzoaxTe+xO8MuvkqYe0pyrXgdZORCqLIwVYZFB+sqN6u+tNg3p7zF7aFUmg5G4m88PzLxlqskoSr0dcK/1wKDECBxw0oSz6L5DyQd3EZRgpJSJZNpJUKw7dc++Z/d7to9VcotYQgcCPwSvsmVQQSdi2gqfh30EenrMylClp6fm3FSZrdVlC3QOiQiy/sFWn8n9y8hepzG0xkBF3ctPzu7N3JZegQHjjDXcp44uZhlEMs/qnq61988fZ91YhryzrcfLu882D5pTk4cZ/fPrBASGyLqGWGkoYPxDczL5FqSI83AAhT3zbWTA5yt+pOTMcWC7wws4wiKynxQdVfDvunPsyyo52hyPlmQLQ17Geqqh/GgCacK2NE1ZUllRhhk+d8lGefrj6OjVh79PoDBhdlL4a2DFgi9l6alV5X7UseR0q93v6DMeJ5UUHXmnnGqWBRWlhKUne6yvUNCYw3RTj3K9MZzU7DYMGclOxcUqd5isHMpyqHOZTjCVY5iBBnCxKYkk6Y0kMXVF37HQkRs50VgCmphY8CZwI7WBZ42YgSP2LdXProDNkpROGXR8w/14TQ6Hg1cGyPjlaD6/xz/6Q4n10c8l+gJ9y90wjSnPGpRTgfBUYWgJ251EmaWnaibk78KTs2t95PTct3FXWDOKEcRUQusqHCB1cOxN2B4d/9/f6qT5Q8RLRFytGyO+9c+6EufbAvOJSH0OSihAiYFpiYypJkJ3vE3/24E/XZfFWkNGogc8Sd8Fc2AM55ug8sopjFhpxzapz+yIH8pAEJJ/RvyiG5mzQ12yiiTlpcI2VQH8Gqsg+rV7W0Jh8btQUZc7K261nEtd+wUdxF32WLpXVABz6AGoT9BYafov/tQf7RJkCuVa/3tvFHRZ2+iAYFSB7tEnJbMhX9X3/hERpKCMAvBicDtgh7KWqP1UdeGCNW2Zdz0V7DD575D2Jx+/NhquYiCiYfDTyZSiMCXpJwzSp9zRibdVloQLa5RPcU03lOLL5nhmYT/CsObWIo1jElKxreZXtH0wuiio9WlXOxYDGCFI60xHdkxLQh3q6CkVPJsKXzjjjTrSGfviDzp94PYeyk1VtAdv/vReIOqZ0hplTqoX7k4N9cbhiilVKsLJK6rQb6QNaQifIEt70yRhURa5XTQkQ0cQrTMT0RpaxLIAJvzrBNfV1N1lKKC/Crzp/6JZPfKqBDXQt04FSf/RRT4pdT2E+JHz27YStza21k3BorGAke1k0/QgemrAnyoxY5Vdhqj8fJRSiDbfsOhid0lxt6CCmyE0Db0+zsVOuuRuQs5oAC55WyRURGmv7DvEGp0hqSkf+EdzURb3rH3YI41xg+ODV7SupMgRNqPLesChgTZnx566jzIHqkJEfPad1PBPSVKPxTXMsTKJ8gtyRV0VHrYbojD17mpAtgMQEBsywukuy909bfS33PHXqEhkxik7HpgkOtYNZPOqv8cyqmvTrlXSLrjHc8oM+lZ1kiaSKtrOFZu1dC2HQ80xm+N0ljO4Aoc4nY34S1h/eDCL68JzbDoykBOz4Ddzl4VycoRkS5NAu0ku3o9wX3r35XusGA6O10SX6enf2Dq+kcMQLkYu0Mtf4TCzElfPjorNk/qlmigHfF3GCWMYq+5gN13oUk3F2oFqOyaP3N3lrMFUbWKJuVguXc13svakZyp3rj3JprvoeDRpwxmtDjPBU7J+vjuSQS4DsXBsr7u734grgOzngq6s2nvzoe9dd+xOK3RolDayNbTmquNhAmGz4Ai2Kl5F7tbRPdJqIgYO4wIXT4a4usKTL78xdAfd/oY8vFjTBSca5xh3s/z2V67x+sLWUJw4159ELxNL3tLdLyFnd+OD/YdXQJXauITw+zm6rIF6Rlrb7ccvXU21j3AMoOm2S8e4WjcsJz0M8OCKST5kab+U+LFHZRZwJgkUIp7fKnyzxh81NokgAPzgiKG2iOCMb8/iXCYeJlZ12X2YlGNrGormWsMNLou2os9RQ9z6Fv6q71mZGGzqjA8JcQO5xHIrwuW1spPI6BLaFdph7GQcYt25P0i75HLzISg73hVFECP/HNUaXDA190VBrXSRLVq0/EeTUMK0OMwv6PpHFLpVbHoResmwD7Dt4lBSPZq+8p+j6NJ9qt0NRj6tX9D9dIiHjOo1eGfR6tyvcUTBN/pppSEm07JE3ECR/bITsM4D3258wn86EmgTRkMmcLk3xqvy4BHbkIj3bjGNZGoOAwlAbvcrNV70h/QyRf337sJuX3o8LlmQKx18myq2u9leawCtcrG+dGthFlOEgnKfsa1QrYFhUWqlKtUlDdclHovhuWz1RCwm8owRheYBcSGeNzA0w4FGUviICyAM8FcDBIHrUdLeCg49ZERxbdfmm+JENb1tKTwlUpaiFV0dZxWNskqf+F5W54Cl9GJ6vRD+VoviDx7/TqyIiPELopD0kp7hmPY0eQ78C6WH+lPJXc/B3q3t/RYIPGvGT3fyx/uMmdZVQBuiHCstmWxZ0eTfjyKgfq5qGRkrGhxXa3hKJq0isICutkoSIzo7FgX06CVT+B6q5il2eFhtNhUt02c3nSswjo+5jgQTJUVOomd7UCb6GhtaYqEcbEb8sLKtNxqVbpq6NAjE5V9G4GXRXBlG/O+BjsrJkrLLLfespYgZSHfjF9qktciu25bM6UiXqGB6336I3pF2RhcvJ9hERvAyWUhukV0tbkFN+hVBIdwxLhVdoc0ESmvzEpPHFpiXaNuOY53P19sy6fEzPrD5Rz0Gn6MysaPbXdf9GMvo/1hgI7qruhJs46+oWLhwQcKRm+FcP5IiwZJ7VTHwooCkK2QU04Eu5Xd99LyA9cgEHE2hmdIxh1NYB5pVewqKtN3mt2apFK8DPQZheVmRC1zWD5lEpVlkHdwZhOwb6DaZmOU87O/8I4uFKiwngKWTFE5lL0VRseaW4ADXNqpr9zVYOCDVfoZYY6HSijPmcIKrwRuzmaxMkqJ+gmAlPQ+hqjDaaVCgw5epiHJg2EXLPEIU03gw8zc5jrdhJLXfeiNJeMOm2amsXtp6bUFGNfvnh8gPC6ZxHsLBJj6wVTbnve6awpY42f91HpUxMm4hTBwL5UOm0SXklam2GVvXVgUqj/qMTCxnX5BMQ/wkfS2YCabTTkbsjItvqyuRl/cvbF5W1cQoLo/bIRZyI6hyDf+ZXn9foOwCx769Qz6c+/sEDB99bd/F+HzAxbqT5XCGee88/LcqzGubEI23/6pAiWFZO2xu3vKtxgEbsmMqAUBOKgh1KHoZmQHcZqM+/LwJyaHtqufbKX+x4GyuufTZfPliwX3NrvEN4Ci2z2jdPSs/ddwKce5RKGKTH4TLVQvZMixHHhu5ItZ6yVUkoiZMflaSXEH4R90S+jFXFDqWMnJ8jJmFSqGqiUK//q9Ayuq045xtpt3kx9B6IdCdVAknQlVIDy6BdC5yJ6QWO12ZdFS5JSjKb9BPQ9AJrR9ESn2A30m7pVxz5YWqARzmZ35bTNGVIex8aRrwiPW369HhZ/f18uJwUc/xEtB5KQgaW2fKJl/YIIR4GC0Xao2VzSVVjUD9oJd5B879Ld+mZv3x7Xyf5y0E22OaVWJn5rxFt4pRq4RIjvIxEh4HCm2p00nXOoQx3QLvCzpYOtIeLTKXBzpmpsvDJzpeUIrrXjon6dW6TwMPtMTi7QGwCUya1WulEnXh34gqkbwjrdLUrUp4vHFJfEwHZbBPr2+nZH+kmSjzpQPgT6x0mFBDvcKPmeAH2qPqnBOSvQw2lO9zRDfLvGEPUPWGe2qn2RMwV0cJ54FfWlFeW+AC9hUTiPMzZ2qtPWysThobf00PpNQbEGHGq4MdsZquite/EjOUo8aoWyc9/7usX7vx49J7jWkGuOlxxHJWHlpE1ROgiPhy3Bbm9sFL63GS2u2h77AQAA////2V15