eNoAHyDg39OQebBkfkXW7wvH68gAyQQoSL1dzdBuUzBOCFT+CYypUIalha8NFYBGXIqCNjkguU3I/f1HOGEmIOxjW5l184H3f34qgsfZJ7Oj3lSXRHIdbvbb4EZDGSdpSDDfcWdNJ+6xgxDaidmmtXOibSbHEdL0ZOJXaGEeJVlS8X/PqJNYVlPHSWoCFiKQxQDjuA+yAOjC3aLbPqg8K/xcSvvZu2fgGGlfSlT60CVud1xZ1jDrzVJiMOmiOm6vD+3yYaXK6oySJvb4g/99/xuz3tLzd7JZwn6pABd75hFxKHQAJI2MSwPNDV4RX/jX1sEYJnq+wRCxM/ardQdaQNHIay3gIZfYSFMdXroJTbSpSYPTLkVqgT3Qm/y3yNKZb15Z1avBwdQEA1XNKe9C45PGgIjXYjRZ644tv02RCqtB4biyIi9UIT4sCZLEDYzjPndFElcYNSzTi9o6IBAZWn3V6wH7zZOaHRUy6b9dg9BXVUuzoz2nyKFfHAEtYbfgF+oFjRkQJl9ieiPtwumagRIwoHEQnjvoYKXhDOnSqqEFfBdxmzqZdCD08N+jOt6tTfXD8/rMG2kQjS8BH9g33+tszd7QvPUFlB3J5BZTy6efeLjmSpKOmOvt2C10iYp2qCuw6KRGIQhwYjeJK/84kNlzhq6QbaxeabLbcaZZWHSdCaHiYno4vrTuLski9+zS4YGny1A1gU3C7uoXEBynEdhoGfzSancS/Bmgqy2zHUkl+4mo7xB7NrpNB9RW0RTNN8zHLq+KAvZVA/d5yLcq2xpUx/HSIIx0EAOiaJ2+TP5uuz/k5Roi5rajFsKo0HI5NJdqv40WH6a7jny+K867ICBdfQaOGM2WSBfeeykbYkCWch+CnMLnPMTr23mbhEMopSlxCcfF7by8swUk/zRVxtYoEWwD6kkhHoDtbVbO3dGF3USS4O9E+JcXFwRDuZK8qy63FRBKr6nGcs7jGxq0jzYtvqUYBM+j2o8zx7+AU9QjqU2/wSoGzubEATsCX9k9+Mbxkgg9w3HnjadxL7PGvFZlsoP4614oB1pcZXqCn0f7HjKjoIvM4O518p7ZIGKBRFveFLHkODO9fVXyPIgW0qik+lZgT2DN7taN/ZsOKYElNqVFbGiInn2GDJB89I2Z+yfefIVLbbj4CITvAnEe8/C9w35o6gQzHxhyPGSbwXhibwU8ODsVNGpPcpF/M25gsPxsOEjI306nJ5Q/s9QffeMqdnke1LFg7IK+GdMERUDmSju/KJVV42C/5rhLLDi9R27CKCxNUntz6YDx8rewqe5JWJ0IE2m1DY2k+y/I3xfgOMzXwmPy2rfEgNNa5RJqrvugMKWnQUVogHwAzoyCCli/RQ3hLx+EssLE6DJcGdkaK9s+c6iJCu5QwWO0cBBUjuzAWg3NGl9CNJOoZfvx8n3nGJLEb+nAsX+0iU332uru69aJvOoIof2A6IZJxKN6Uk4TNKE+vSMteUuQE1JMbGShDr5cfIcXqkqK7EhQTnWQPhXKUdor3eLtEPospTeMUhNB2vyb3JnbbdM+TOkDH5dxA4orKKUBpMkgRf5sllwdniSPBFmcPnWQ4ozH4J2B3pkqzxiyJ2ecedwKqUu5pfdwBpsOVj4p80lnzVTrJ3zABEeNAekEf/sEB7houNXqKrCYAsTOAXSu400k39N8yStexlCvA9/9+U5LC5yFjcA38R/oou8p3MldkC7RdFbHjXpqjFM0jDvGFCIIK1J1eRQd+GuO87JFsQqAyc3KSWQHkaB26WNooVGOKYhcx+so6BWADh33da/HVlalYyezDUXmr/IPa61lEHydExOyBAuQlP12wf5pZbOtvpDqGe38OILGn4WUC0cC+NXpsy7P2jPLSpO2v2ERwyrroyjk2pUYnQD0G2pcBpiPbHyFGzW6k/ar7zN4sxV9TYu+rdNiRRQKh+cjflgnXbS9hX2aTBhfM5e4Bt7oKIKN7Eo1e2nIr2wtLJthOHr1h7zhmR6mjJVgfVoKqw1MSJl40dAfD8XjlHshEjnyrFvH21Ur1Gzqn9nn4vN0QqDjdqDKgEW8gMBa9TyQdMgqh4yePbhAHubjlZGc3y/djvI2/Ma1mEstASNowUIqPUwN+iN2Z+XNeQo4bVZipJnXstvnfMZ1kXYVCFuMqPYCMePbkZQf8cof6Xn5MnlpxK1zb0rwX3VGVNrvg24ZMOivVNplPO3qVK9gJJepHQx1J97NCfpMJ2J9tI/2HpwCTIl2+7aaxuY+Rep2OFNOnVtSJSG847K+N/QleC3wT8xHxhNvmBOPzq55v4QoTtRxZWljh4Bfkvsm8+PDX8KuzmNvMGXngO0CAhPX/RQ/w4ldSWJ5W+W5zZpUCliTQqaNDwS38LcWK9rfwpSNXY2vjHMd2bDIAleljiXYlpF4Ef6c5T16uPKOhjpB+nRf93y/mFfEV1wS/JKSmVpvMjxiQeU8aq8PUz1jfu7jl/Fj81fRAbk2LSF2gGgeYAMs564a+XZce9RArVgF0/RDoE9k0QJxDXUmEqQ5lobTDbYAdwJo0jWv1z0yP5v4rUift8LxQHtb4PNItm8G3uoFWWbewJzfjZtLsAPOFf2lAIgLMIe7Ll9f+C5Un8anRXnD8PwdSQhu/ESTXHeKRpwwvFC1uTKHKMtX1wShtIc9hKazzrfVPmD4tbAEYgmODLfUKMcoJN/X+21cBv3h/yDoVimflca5hlOMFpXQWZzzCXVc81pnUjtzJ0htoLFL/dCGUL4+uGcpdeIo7ZySnrYbI6fh0rBXo5P1D8vEG0PpXI9/qVepZcv/PeQjcStQuZep/KzLO9jlJ1txsusQhbrgLw7z49rkgVmMxV0QowIh4BeaRh9xWrqPs0j5Z0OPZrN5AEZDbbDJjLzZPpD1Q71utYqzqy92/TfDyEhDtfEpRDGlGvftXjtp5toXfu9FHE4+XonK2XtSatfNu54jEoypbYrxZxMDMha/dGshq4Ug8snvzSx5+/qX4mzgFZPvtVwjqPaqkc6COgVb+OjX1IQ5Jb/89/i2Yx23yDlkx77cYL32KWxshDXKAsl9q4gkBt4hJYm5RUy/mx+k0dT5ODtV0jVvzSWyi4Nj3tYDoqBL2yiRUUkYl7Rk19EIp6irn5roFdnJRp5wklxfD2gZdIG1L3daY3gfKhIRtqbDTesDyR7hc015uHjfrls81p7MjXs4CSBZCWPXI6CLU9Po0yhIuBUst9mFQdHoVxtt3bNecXiMHbEr1OKIM6QW6ug8EyWyddAS2wGlqi8klHrmsHeRtpCKJHRuUwo9kGEu5suSoteQVb33noRA69pIlNpKwq+d++yzZhcuaeJilex61qVmnUvijpf7LYyeAEylAWM53zWYvCUHSwS81UQwF0ASR/Il0jPcOe1q2FoOVpmgu+vSBHHJOzjt5hh4rrfT21YVEpD+eOvcG3AG8H86rfT/xleKoqdOwk0BcUP0jLPgxTZP3OsTEkm9QODFarWcF2Ciqy4TnS548dcZkpuIKBlhBD/dMqC1V1ooANdzN0IWwa3fmCnynKD9iTGNtrKsqIErOgN52GRyEy43UiTD/VeXnSyIjFCdLUybUSd6KJ3AOKzk+XTLmZx/TnKdHA9nU5eApXjeV4UkGmdjplFSVjXwqUdjbx4evwOmjWJoOpPY5KrXpsHLKVxxeR9eklqPMsmkUFaud1xzodTUyKHtXXEmV34RNrVPAIFrFJgTv3THuQdQqAua7TPGuWL83KPyfWxXI1iImezzArpkXNHrIV/J4rzhBha/mlMm97e9YGus1hpEQWWwxblz/io10iWHtVDTpsRk9SInwQy5LVCyYEKQ9nIdR0WM51Igb2ICppJ5fEKyIp5JDVrbZUY9kiSkds7SGW9RZLj+TTLtQD8J18q2FgYXchOODH0Abomk7kk1RYkt6O1el4odfh9uISoT/8NGcglB3QMhhbjGakbF5iRkv2Y/4BbPd6tt5ZJr4zdYbLRzPuwoZ0EMMcHOU+7qapo393zk9HJzHg+Z2Gn62YgDPB6r2CnMD969OA2V2zGgtMv6mW2NHLiSfonF0Um7WzdNIyR+hcKcKWgxb0ewUDp311m42hTxWgeSftFm3ENbY+o0OuF7lRcMd0mJ/IoW5EUlF7pWiJ51XSuj7D6caw7P0OBz0AXK33QsNSwCvbj8/dzpuDsK91+8DFX2HibO/uvTailnpWswOg92x++9QlpU92lHpk9BezyVs5RvVYfGT0WE2okkGe4fd/1/GZyEse1UTw5rLr9/P12e4shEwhjyqgngYt0m98BplLAncZhuKxBTx57FkzZsZSmz4MNcurRVjHoE1Oa5OpIE1IbR63bbhzzuoYAAxB4sc4zC8RQFJJTKZ3YmScENqStiXJvLj190grQ0K8N6t4Lb0/EveGptiA4vaoivMFh8TdsP62ytchJqrZE50Gyrb5PXFJ7uDmb33/Vtg2uBCtkHdHwDue/C9cUtdzWsGPGRv4K2ujPeU4OZR62TY5UijwKqu8r0FX159127N2PZ8lqNqCC/drFjw9EJYpagQ1GFtqdXsK5G4DotMfPePCLwD9Tu8q3U6n9CFyKKAaH4XVyEUjew6cXXk1oy32Qk2FWi1DWVYRzIPRVr01cJK6USNyX1pJHrM04no1SfsssbtaPKv+auchx53VzDUDGL54g2+NaokK4xKzeHrPSoVZN7HfliRFwHCJQzkg3P67+r8NDaiiAf8KmZwfWmbn4nLGGIJ1LG8/iSQBxjnLH90tceFpU0PluqAkaOKH6L46yiRLWL4j9qn2kURmL3oxTdkAk71X9a0iEx07awclPLya2+OofxKPxUqpfdNAf1D8oVnm1TjLsE1lWZDLpT0rA5gqCo26PwkmkpjDg4/R5+8IgAz/LCnM2PKvT3aJYQcN++FL3nTHjb3uqBauIbeqwW1Y5WTIB5NQPGswA3/IEWBhMkM+0ecA3TopDRfHaRb3+TS6+Wd4oW/jV4pZnRtJmiWorUxz6XprIQdKN1cMnxrZy4M6j33e+X7rU4Og2SOs3hCN+ZM2fenUMwMp/dcBfuAUEXs4T1N0IOc3ss9D9mCUN68CtKx9yaOmDMc047YY9sbyfY3MJaX5AUUCtL62gaz+9/yxogTRJbX9us99gNuV8eGJ0e2iu4J1KY51Ykufutf8D7QFSrvj6DXmoBgpD6SVzkymmA3pbQrjUEVC1BnXYq78/87Xgjpk972pRfzAWav88THtmg1g07fTXVLRJxg6R/64kdSOOY4QY1H7rrKHcr7nhEDr6TxY5bm1VN+osdhlFaC7/jUwzIRtOX/Fuudr7lE8eHxRbVf7S14w+auqszM7E36xSq46Lt+tidzPeKE1CuAbEh20gAsVN+pZ1BIQNkrgkjrdhvXl49q34cqVikHhfNKYEBCCp7oIVYElDOQxNXgNq8Fs++42q/Tb0AqFbh4Z/9a13mp6KVKFSA+hNJcnW26Vlm3A+IpNX6vBrhOLJLJxY67Lf843WO1GAD37XVMucjfBJ+8Mx34ZZHmr9BEi5fUrCUoZK78rDZkjhXQLw7miYZBKGhV3MZzzGPUD859Zrc/J6KQNYelS6JDxrZlhgLmHYrKwVjGxTjOQsO+SgWJYlaNViepx5ZBBGlVFtwnWMj+OyHJfSiwkcsxfXDv1XNdrC1WxcQ4m0HEPOGcgG6zh98Pcv988IytoftPHH0wRQiV9Pkg94hYXVvzL2XCU6Pj2e8T9gjUvbdB9u+x7wtO+8voDGLuftcu6sd2lGgJZLCxlIExpw5NRKBXQhcGL/Bu1hffFp/Kz6mablc+K25a45GNBMyBxZi0gbzcmsw8ugfuvVeFbcyHuNc9RgMtpN3tL3yBovAn4AOncLoyH1ujWfkReuOfXBjHz+ON/YfClZF0dvQML5u56mTmUHQFzPbcC0VsNKvOaNQsDD5euwtR0xLj+lQeEMvRrnd0BNtGm3BjuLTAPQd287MTddkQk46n94moe9w2RpzQwzV/k3Z/xRZb/5bdJYYtKubeMTBnHboSoVGyNQPsjzYarUKXM075Fh97Yy+sqnqkKusnaOUQpir/MTkcqRGP3gL6PgdHumpBgGXfDqYgjfHB3GPdPVCCWsdgndOQ6Izk6ufTb+3H7vanQ2JB2jSUPFZqzEQETW01zECTbNTpFdsD46T0IVMddbiQDsUWHrsN61txVhzcpehPRSWrSCXlDTt986Q06EO8QWcBxkHDmcYcGPMZrFgZaPPGV/8sE3/ntz25RxVVj2e+tSwR2YJQ0yxdaJkSLn7dC57IrccCU5qziNpILzSbuR81QdQYhVQE1odpuN4V6QG6xLVKaQAxm8QV34/he8GyDxrjMqcM9JcXFjNF9Wz29FkDeZxSbbQaEbuRLgZ4fDwP7E9ELDUzf69l7hJ8m9J2H2/B/H3Nw9WUanr6xgiInRrQ71YEt6HINRxRxvRKEpqDlFKwgRPfiEMbJryNtysofnVDH8vAFZcKy4XP3CbXAoDr07Ycw4hNZDegk7JKffaiqdsEZSLabb40uaHOyCtORa1v6VX5bZqB4NtAT+hhWvahT9YC4gcqw7wYLfWtyzsYPtFgjAuRYbye1e/fyOabXzK3U6UXvBEQt+158e5cViqxqChH1yLsFNfnHzUGFsdjctD7OyhPYRlKSFbfFmVWDmLN5g67guX1WAS9VxrwmJXT7NKsS6Nre2uBaFW55QzmA00EJvpTtw0DoBZHZbw6LGxLj3X6C2rtZE907ZRMtNxNVu0WjdWg18S8bYTpLw6k2CcZ9hfQtuRlFcVt3LlDEucci8Rhv22nzUWUFdPzUXzWwJlpAtWH7K/ZFC6KW+Qs+jDfWXrSToRoGN55qiaMuxl5ihe7FcG5jCWDADFl/xvb+1l+jdO/Ml1moc/ohgVPQnlrdCZe89Xn8XdQToikdAvidydP7XFkKBpxO7RCfOg6Aig2iBjjakTG723cedvMnqiWlNBlyuddqDuIuulN2uSijg3J9Frcp6RZ5ds/OckQWfuL6Livt966WJ9l01nU15EkFAaEhwo3VYMed/eDG1KbWYwz8MnTyLuT0PhaFS749tX7esZKi/TPd8VN4y7JGLRLISInUO3ZKVw/7E80ZQJPLrgQR72o6qtGSBKhO957d8cpeAVht3cDicAyVSFFUiBL6PufVQRyPOuaM1pBtpIayXRXtiHeKCExdlWMT59+AZWBjuv7Et50/AtKmzgkPruxpjXnThfAom8OKNW7BsHTZLF2OzDPUe7XyPIU49a1JhxpPkyK5HjKY+HV9lwz3ZNSwluFYX8bfm01wfvzJK6Okm5yvKkoVSUNWidqlhgnZUqtq0CnbZuQ9Laf4nMkLuoBmq66V7vhvcJIiEUwWNTqm51fNEnYrpKn/pp6ZmyIiqhPmoSp9rcyC97EHyCloxAnWH+AceuqERsL9JN1f+RTn3mn2Ner887bPPbnLf7PpnHwb8fuNAZvXbdOipCLwxcI5rQTy9NQmLGGZSENAy09msamkK0NS409ETtOO+OVr8GcEZ3a/fDOmyG3fKF2/daQiujsPzFPDAFMyv3kwEtUyPql4IkMiFZwipRWpmV87epPJbsgouc3kh88ESN2murANS5IsEsXEzE+VpcFZH0fSauiRmsyFbO5vMO+iEfl6vH4bOkzFXTjfZMDcNtoV42Upv4rCzugI0Tu9aHvisi8U8BPkvZHEt1DA0z368ginVYPGWf6reYpcCALBrtDrTMYRrpwaA0HlQG3NCYrzPLVv9vUs+nXeTz6d/uPCcdXLkhKqjMhy20NdT+94aiv/Wu5d4ge6OajxcmX0/iVWcW1HR9lY1csJg/uKkHareXUqoQmaZYLBqEHew29O06qYrt5VNUubAqhDuTmgOD+ZOEdwTVsu6jzC9rngcNu+LeCut8a9BlqRgcdztz2OIpmUns3PJVdB0bT9NZPiCXyvNHIwmI+BTBXaZrUngk4GI7AUFNQvQnxh4ekubfdKZ1DxCm9IUNdSzk2zlNScC9gtW6r5sYlk/ilQkHckpd1PJNOyiYudl8ctfYeVEOANUNk2yPp3kyA0yIenFKeNeguopRcZqP2+LVPPDGubGmhvmb/VHRlITY0r1Vc9ewCl58SYe/r82rrYkdVa60nciTou0+D4xXES2tpVYmS11CqtS9hslb6xT2VrttPwHbKsxdD6NohcCmnXNc4GVd8KV5pHlgrYxSdPZ5kqCGN27R1+AO/9CmcDBFKgYWfUPo7OgnQkGymY/BXSOpqK8t0FLI9qSXHekYN3VBW0YmbKPnU8ZJW8wDziHBKJcybl3nnTRTYMWsbY1jAbdWc3O1koetSLMaFLLR2BoVoZ7aJVfMuqLFNyNT+f3OkAm3Ax2CfEiwc5hkHhEkywfE6t4IeGFC/fX5iQrry/hQlnAzZX8HSGAhtzdjHrDLAgazS4KCmbKshGwTk/sIOUTohQqJDdonTfqJfYejOGVlbMB/qufjkjvuuiPuxXKBf/ZEAoJm4n850TxJ/6wTHAbQLF7it0TTy+H1E9X8W5aAwKqNBnrxmawc0O2g11nPnyn8RDpsUYKh6ezqTbHr821beT+oVlvYN2CP2hvCZs6c6lfp4l4UplB6VUuBy6wNbbQV087GTOeaZwB9M4ANSShHQMAiwuyLOofZGrEG47p/l6HSgn0FlT0VdtblkFrvvZRMXlCNwcj7+5D8JE8iVzYQ6DKx2oAiiYxyjr18YymNZZAEK/J38W+NcDWCuOwsEt/VNsei8drnADSiebFpcHgCtUcKaHiJtLlWG/Sx2SDYDUuiZugxI4AMeiPH25s4+tqSIfYZgr1rzG/fuR2zhZGARnoCzZYHilgRFkcDsF903kGyzzXLXk7Fimsxe+iqwU7x/HXBFtAEyVcevfuAZFIWKklqf/iYrsY7wFLdPirpGA0Lr4NSlnL7NkHTTs6mA9JWVeuckoroU86o5+l63iwfjmnI6JaOkqvuveIWwXbmWiDr1jJNqnt7U+3xWJs3zfqUEZg/ufuV8YKR3lwOuREBvIRqKTgOoeycVW3tu0GAu0EHU9GRbK0s0CaCdW4aAR0fbvWFn1I8f0qoIAERw2lI+zs2OZIofIOnQ6jtYTeCQZ1FkYzLNygsBYqs/1a6VW7gvhKWNDYLu7XAGd0OVsYXme1f5yS2k3NSlIiwFPC41KalQJ+PwChEpKfZpecWgDZVmi0wgt9Zq2b4h+ZD7O8L9TOzJExviDb7Ie/Ao6v98Ou7VWSySrN2THqxCLYJaJgqWlmaozpUqgslNiuzywcxW74yl3+dzp1KxhoHlXyS8Fo1CXJJrsonsKmIgrrwxl9kZgYl2kHP6DXAyiT4YKjDZInypVSVzCfDN8MKCDwj4GlYR2bgjM65H0Le5paw1LJkwR2T1aUO58ZJLmiFXN9qEBWkWWxnBxICAek4Dau6nY0pRYcOND1PttPD9xzjJQ/+iBWUKCjqpgL8RTLHm6sFS+s7gRyz61hyXi4N2xIfpeG9PGMnplmIrJ3xbl6He1Rk/0sI3HuomCwk3wP6Nyw4CnCqdEgzzGYt6XvF39AHCSZWffENhsqYx6Irbn2A5bu15FV6TokJL7RYit5tzKfadzAEFgQYexfXsMMPBn22IfH1Y5DKMQCOmyVGIitYB4MRs6lfyqIz2wRfIyhc/WvQ8Cbz6Pw9RaF+AJGhtMIdN0qbyAvsPmjjl7fi2jXwDleLCqxluNVjPxI5re2ycyn0+zaTImbia//Ff0oDibWypypVCDFnLB1NI+3f3UXRfV26TlaHmN4EhFEDS+bEAEngAw3YuFgMtuxbBZl4KQzo8BpRwz9+l/K35E1pB0c+uw7Gs9Yy1g5vXW3+IuVlJHuYnB0JkOXWiuXuTSjoZwuhK/96ma7ROjFGBc98rZdz1oQLLkfLwywxRsI2AnboRlJ1rYJT/hsxAhlPnXyotQdcsDQIrU0ednn0L2fj+7O+Egl60LpvkpiQPXp2VK+Rqaty52mS4+izgJZ3ZA5Hxt4dMyjKbfpjX6Dt09qnSMWo5RqLkQt1ACiySRc3KBjw/ebpI8/LdkTdbXcHKvc0q9AAZiGbHUvhl197IadGND97tEZhlWhdEuUi09Yq2IaGvlxhgTYW+T4MpNPi0+uVTiZr+9IwCSfK6zoL30pHr9tLGQ5OCa+JLuKA8tN8bg3inyQVGpM3Kq1dTRe1eVXUZ/CNvTMPGnUIXRn2aI/LrJsrfe0bp18ZjKJbQH6O5Nv8qhjra9ycVX7hLyfI2RbueKcTTQn+JbU4Asm2YKn3y8tqz9x0IxFJ+ZOzynaD0QpX/xK6vtoEMMwitsL3gMxVMubmpsohiE17cT6hYLBdo4oaOU5joTEEB+jFa0eNuOiaEWulfmecfmWgVHIuf7BfdVQXJHxCdaH0pGtqCKfnEimf7O1P5W+pJFsq9HFgHxtItSvz05uL1wSCxnHi+AtximvGfsRAnCOu40J4BBVmCVVeM9gyeczYKxrG5cBkd8b6YR28sqTJRDhe8p4Aa0P8ie/Kd8RmlZO3ebPcesBIumHqG2JaU9wHZv4+48pgGqE17598TRPYmsUvU3Lz2SIJSyyzZi1avahPX7hqhnV3Q2DOEAc7MdtPSNuz/9jCPkrYOKGCuhAK8YMb8E6Xuwi1ddcegStNqWJ9rmQmAtrT0zI2QBXHM4xlCdMS8BiymhxvhClqx2/MxV4faL423H5DS19aAJLWNxOwE9EPl4RzCA45nLYhZWriDjoITsRjRoOMQ/McAVYwyeBgJCqapYHJfkqwh5l1/oyKuFgSXYlU4Csd3aOPzuw0Nv2t9ZzCxRP/Z6BKeMml6JF+HOzrFxyTT9TfW1HjyA6OKCDz438bbGyMr4H8lXkolQdOmHAQ+O2O38+IWZ9qVNM/mgV/qpde8dDW5LX0ZZ8pMQgLSWVMrdy02zhbes0khVzpqHMDuwz3Fk4F57zSTzREBDXkZPybh4MZngEAAP//7Gb4cQ==